
Microsoft Visual Studio Solution File, Format Version 12.00
# Visual Studio Version 16
VisualStudioVersion = 16.0.31624.102
MinimumVisualStudioVersion = 10.0.40219.1
Project("{FAE04EC0-301F-11D3-BF4B-00C04F79EFBC}") = "DatosDuplicadosArray", "DatosDuplicadosArray\DatosDuplicadosArray.csproj", "{0DB3FDCA-D467-48C2-9C99-337A911576FB}"
EndProject
Global
	GlobalSection(SolutionConfigurationPlatforms) = preSolution
		Debug|Any CPU = Debug|Any CPU
		Release|Any CPU = Release|Any CPU
	EndGlobalSection
	GlobalSection(ProjectConfigurationPlatforms) = postSolution
		{0DB3FDCA-D467-48C2-9C99-337A911576FB}.Debug|Any CPU.ActiveCfg = Debug|Any CPU
		{0DB3FDCA-D467-48C2-9C99-337A911576FB}.Debug|Any CPU.Build.0 = Debug|Any CPU
		{0DB3FDCA-D467-48C2-9C99-337A911576FB}.Release|Any CPU.ActiveCfg = Release|Any CPU
		{0DB3FDCA-D467-48C2-9C99-337A911576FB}.Release|Any CPU.Build.0 = Release|Any CPU
	EndGlobalSection
	GlobalSection(SolutionProperties) = preSolution
		HideSolutionNode = FALSE
	EndGlobalSection
	GlobalSection(ExtensibilityGlobals) = postSolution
		SolutionGuid = {B25C9A23-FBFE-41B4-A0B6-B824E78378FB}
	EndGlobalSection
EndGlobal
