
Microsoft Visual Studio Solution File, Format Version 12.00
# Visual Studio Version 16
VisualStudioVersion = 16.0.31624.102
MinimumVisualStudioVersion = 10.0.40219.1
Project("{FAE04EC0-301F-11D3-BF4B-00C04F79EFBC}") = "Agenda", "Agenda\Agenda.csproj", "{FCB660AB-09EE-4B03-8398-6D873FA5FDBC}"
EndProject
Global
	GlobalSection(SolutionConfigurationPlatforms) = preSolution
		Debug|Any CPU = Debug|Any CPU
		Release|Any CPU = Release|Any CPU
	EndGlobalSection
	GlobalSection(ProjectConfigurationPlatforms) = postSolution
		{FCB660AB-09EE-4B03-8398-6D873FA5FDBC}.Debug|Any CPU.ActiveCfg = Debug|Any CPU
		{FCB660AB-09EE-4B03-8398-6D873FA5FDBC}.Debug|Any CPU.Build.0 = Debug|Any CPU
		{FCB660AB-09EE-4B03-8398-6D873FA5FDBC}.Release|Any CPU.ActiveCfg = Release|Any CPU
		{FCB660AB-09EE-4B03-8398-6D873FA5FDBC}.Release|Any CPU.Build.0 = Release|Any CPU
	EndGlobalSection
	GlobalSection(SolutionProperties) = preSolution
		HideSolutionNode = FALSE
	EndGlobalSection
	GlobalSection(ExtensibilityGlobals) = postSolution
		SolutionGuid = {95B8C99D-E07E-405D-A4C7-38FD3CA75D28}
	EndGlobalSection
EndGlobal
