
Microsoft Visual Studio Solution File, Format Version 12.00
# Visual Studio Version 16
VisualStudioVersion = 16.0.31624.102
MinimumVisualStudioVersion = 10.0.40219.1
Project("{FAE04EC0-301F-11D3-BF4B-00C04F79EFBC}") = "Collections_Queue", "Collections_Queue\Collections_Queue.csproj", "{4304A989-BDC9-4778-B94D-6DF4904F544A}"
EndProject
Global
	GlobalSection(SolutionConfigurationPlatforms) = preSolution
		Debug|Any CPU = Debug|Any CPU
		Release|Any CPU = Release|Any CPU
	EndGlobalSection
	GlobalSection(ProjectConfigurationPlatforms) = postSolution
		{4304A989-BDC9-4778-B94D-6DF4904F544A}.Debug|Any CPU.ActiveCfg = Debug|Any CPU
		{4304A989-BDC9-4778-B94D-6DF4904F544A}.Debug|Any CPU.Build.0 = Debug|Any CPU
		{4304A989-BDC9-4778-B94D-6DF4904F544A}.Release|Any CPU.ActiveCfg = Release|Any CPU
		{4304A989-BDC9-4778-B94D-6DF4904F544A}.Release|Any CPU.Build.0 = Release|Any CPU
	EndGlobalSection
	GlobalSection(SolutionProperties) = preSolution
		HideSolutionNode = FALSE
	EndGlobalSection
	GlobalSection(ExtensibilityGlobals) = postSolution
		SolutionGuid = {2940CD1C-3FD8-4884-A595-1B7A9F02575C}
	EndGlobalSection
EndGlobal
