
Microsoft Visual Studio Solution File, Format Version 12.00
# Visual Studio Version 16
VisualStudioVersion = 16.0.31624.102
MinimumVisualStudioVersion = 10.0.40219.1
Project("{FAE04EC0-301F-11D3-BF4B-00C04F79EFBC}") = "Triangulo_de_Pascal", "Triangulo_de_Pascal\Triangulo_de_Pascal.csproj", "{CDB56FD2-A629-4C08-90C9-865FD7238EC1}"
EndProject
Global
	GlobalSection(SolutionConfigurationPlatforms) = preSolution
		Debug|Any CPU = Debug|Any CPU
		Release|Any CPU = Release|Any CPU
	EndGlobalSection
	GlobalSection(ProjectConfigurationPlatforms) = postSolution
		{CDB56FD2-A629-4C08-90C9-865FD7238EC1}.Debug|Any CPU.ActiveCfg = Debug|Any CPU
		{CDB56FD2-A629-4C08-90C9-865FD7238EC1}.Debug|Any CPU.Build.0 = Debug|Any CPU
		{CDB56FD2-A629-4C08-90C9-865FD7238EC1}.Release|Any CPU.ActiveCfg = Release|Any CPU
		{CDB56FD2-A629-4C08-90C9-865FD7238EC1}.Release|Any CPU.Build.0 = Release|Any CPU
	EndGlobalSection
	GlobalSection(SolutionProperties) = preSolution
		HideSolutionNode = FALSE
	EndGlobalSection
	GlobalSection(ExtensibilityGlobals) = postSolution
		SolutionGuid = {17E73D20-7156-45E1-A6FE-D9F59F1637E7}
	EndGlobalSection
EndGlobal
