
Microsoft Visual Studio Solution File, Format Version 12.00
# Visual Studio Version 16
VisualStudioVersion = 16.0.31624.102
MinimumVisualStudioVersion = 10.0.40219.1
Project("{FAE04EC0-301F-11D3-BF4B-00C04F79EFBC}") = "Area_Triangulo", "Area_Triangulo\Area_Triangulo.csproj", "{F3CDE6C9-C91A-43C6-A258-63D88466D516}"
EndProject
Global
	GlobalSection(SolutionConfigurationPlatforms) = preSolution
		Debug|Any CPU = Debug|Any CPU
		Release|Any CPU = Release|Any CPU
	EndGlobalSection
	GlobalSection(ProjectConfigurationPlatforms) = postSolution
		{F3CDE6C9-C91A-43C6-A258-63D88466D516}.Debug|Any CPU.ActiveCfg = Debug|Any CPU
		{F3CDE6C9-C91A-43C6-A258-63D88466D516}.Debug|Any CPU.Build.0 = Debug|Any CPU
		{F3CDE6C9-C91A-43C6-A258-63D88466D516}.Release|Any CPU.ActiveCfg = Release|Any CPU
		{F3CDE6C9-C91A-43C6-A258-63D88466D516}.Release|Any CPU.Build.0 = Release|Any CPU
	EndGlobalSection
	GlobalSection(SolutionProperties) = preSolution
		HideSolutionNode = FALSE
	EndGlobalSection
	GlobalSection(ExtensibilityGlobals) = postSolution
		SolutionGuid = {6B7487BB-6D33-4DCE-9C77-9EA44F45DCE1}
	EndGlobalSection
EndGlobal
