
Microsoft Visual Studio Solution File, Format Version 12.00
# Visual Studio Version 16
VisualStudioVersion = 16.0.31624.102
MinimumVisualStudioVersion = 10.0.40219.1
Project("{FAE04EC0-301F-11D3-BF4B-00C04F79EFBC}") = "ClasesAbstractas", "ClasesAbstractas\ClasesAbstractas.csproj", "{D1618321-567A-4223-8CB2-97520BD5AB11}"
EndProject
Global
	GlobalSection(SolutionConfigurationPlatforms) = preSolution
		Debug|Any CPU = Debug|Any CPU
		Release|Any CPU = Release|Any CPU
	EndGlobalSection
	GlobalSection(ProjectConfigurationPlatforms) = postSolution
		{D1618321-567A-4223-8CB2-97520BD5AB11}.Debug|Any CPU.ActiveCfg = Debug|Any CPU
		{D1618321-567A-4223-8CB2-97520BD5AB11}.Debug|Any CPU.Build.0 = Debug|Any CPU
		{D1618321-567A-4223-8CB2-97520BD5AB11}.Release|Any CPU.ActiveCfg = Release|Any CPU
		{D1618321-567A-4223-8CB2-97520BD5AB11}.Release|Any CPU.Build.0 = Release|Any CPU
	EndGlobalSection
	GlobalSection(SolutionProperties) = preSolution
		HideSolutionNode = FALSE
	EndGlobalSection
	GlobalSection(ExtensibilityGlobals) = postSolution
		SolutionGuid = {DCC10FD3-2845-4A1B-BE0A-97B445DFCF0F}
	EndGlobalSection
EndGlobal
