
Microsoft Visual Studio Solution File, Format Version 12.00
# Visual Studio Version 16
VisualStudioVersion = 16.0.31624.102
MinimumVisualStudioVersion = 10.0.40219.1
Project("{FAE04EC0-301F-11D3-BF4B-00C04F79EFBC}") = "Reto3ArrayCalificacionesPromedio", "Reto3ArrayCalificacionesPromedio\Reto3ArrayCalificacionesPromedio.csproj", "{D4103EE8-5837-439F-8BF4-C7383E940B7B}"
EndProject
Global
	GlobalSection(SolutionConfigurationPlatforms) = preSolution
		Debug|Any CPU = Debug|Any CPU
		Release|Any CPU = Release|Any CPU
	EndGlobalSection
	GlobalSection(ProjectConfigurationPlatforms) = postSolution
		{D4103EE8-5837-439F-8BF4-C7383E940B7B}.Debug|Any CPU.ActiveCfg = Debug|Any CPU
		{D4103EE8-5837-439F-8BF4-C7383E940B7B}.Debug|Any CPU.Build.0 = Debug|Any CPU
		{D4103EE8-5837-439F-8BF4-C7383E940B7B}.Release|Any CPU.ActiveCfg = Release|Any CPU
		{D4103EE8-5837-439F-8BF4-C7383E940B7B}.Release|Any CPU.Build.0 = Release|Any CPU
	EndGlobalSection
	GlobalSection(SolutionProperties) = preSolution
		HideSolutionNode = FALSE
	EndGlobalSection
	GlobalSection(ExtensibilityGlobals) = postSolution
		SolutionGuid = {B3A2C824-C12A-4133-8873-3105F8AC1D32}
	EndGlobalSection
EndGlobal
