
Microsoft Visual Studio Solution File, Format Version 12.00
# Visual Studio Version 16
VisualStudioVersion = 16.0.31624.102
MinimumVisualStudioVersion = 10.0.40219.1
Project("{FAE04EC0-301F-11D3-BF4B-00C04F79EFBC}") = "Colecciones_LinkedList", "Colecciones_LinkedList\Colecciones_LinkedList.csproj", "{3C956CE3-DFA4-44F8-A8B5-0FDEE55D20AB}"
EndProject
Global
	GlobalSection(SolutionConfigurationPlatforms) = preSolution
		Debug|Any CPU = Debug|Any CPU
		Release|Any CPU = Release|Any CPU
	EndGlobalSection
	GlobalSection(ProjectConfigurationPlatforms) = postSolution
		{3C956CE3-DFA4-44F8-A8B5-0FDEE55D20AB}.Debug|Any CPU.ActiveCfg = Debug|Any CPU
		{3C956CE3-DFA4-44F8-A8B5-0FDEE55D20AB}.Debug|Any CPU.Build.0 = Debug|Any CPU
		{3C956CE3-DFA4-44F8-A8B5-0FDEE55D20AB}.Release|Any CPU.ActiveCfg = Release|Any CPU
		{3C956CE3-DFA4-44F8-A8B5-0FDEE55D20AB}.Release|Any CPU.Build.0 = Release|Any CPU
	EndGlobalSection
	GlobalSection(SolutionProperties) = preSolution
		HideSolutionNode = FALSE
	EndGlobalSection
	GlobalSection(ExtensibilityGlobals) = postSolution
		SolutionGuid = {5D316A57-CB71-4863-8D32-420F91BFC08F}
	EndGlobalSection
EndGlobal
